
Microsoft Visual Studio Solution File, Format Version 12.00
Project("{FAE04EC0-301F-11D3-BF4B-00C04F79EFBC}") = "WebApi.Net8_Versioning_MinimalAPi_Logger", "WebApi.Net8_Versioning_MinimalAPi_Logger\WebApi.Net8_Versioning_MinimalAPi_Logger.csproj", "{B8F5407F-CA15-4244-B051-0B5A144A7F55}"
EndProject
Global
	GlobalSection(SolutionConfigurationPlatforms) = preSolution
		Debug|Any CPU = Debug|Any CPU
		Release|Any CPU = Release|Any CPU
	EndGlobalSection
	GlobalSection(ProjectConfigurationPlatforms) = postSolution
		{B8F5407F-CA15-4244-B051-0B5A144A7F55}.Debug|Any CPU.ActiveCfg = Debug|Any CPU
		{B8F5407F-CA15-4244-B051-0B5A144A7F55}.Debug|Any CPU.Build.0 = Debug|Any CPU
		{B8F5407F-CA15-4244-B051-0B5A144A7F55}.Release|Any CPU.ActiveCfg = Release|Any CPU
		{B8F5407F-CA15-4244-B051-0B5A144A7F55}.Release|Any CPU.Build.0 = Release|Any CPU
	EndGlobalSection
EndGlobal
